
Microsoft Visual Studio Solution File, Format Version 12.00
# Visual Studio Version 17
VisualStudioVersion = 17.14.36109.1
MinimumVisualStudioVersion = 10.0.40219.1
Project("{FAE04EC0-301F-11D3-BF4B-00C04F79EFBC}") = "ProyectoMerceria", "ProyectoMerceria\ProyectoMerceria.csproj", "{686945D8-5F36-4D2B-ABFA-4F2980C7B8A1}"
EndProject
Project("{FAE04EC0-301F-11D3-BF4B-00C04F79EFBC}") = "DAL", "DAL\DAL.csproj", "{5BEA1FF2-16B3-4691-AC2B-6B5A0A9FFE35}"
EndProject
Project("{FAE04EC0-301F-11D3-BF4B-00C04F79EFBC}") = "BLL", "BLL\BLL.csproj", "{BE974B19-2DBC-4C53-BC00-E2E8A8DC4C6A}"
EndProject
Project("{FAE04EC0-301F-11D3-BF4B-00C04F79EFBC}") = "BE", "BE\BE.csproj", "{8BFE5AF3-DBBF-40CD-8328-6F60FE8F9874}"
EndProject
Global
	GlobalSection(SolutionConfigurationPlatforms) = preSolution
		Debug|Any CPU = Debug|Any CPU
		Release|Any CPU = Release|Any CPU
	EndGlobalSection
	GlobalSection(ProjectConfigurationPlatforms) = postSolution
		{686945D8-5F36-4D2B-ABFA-4F2980C7B8A1}.Debug|Any CPU.ActiveCfg = Debug|Any CPU
		{686945D8-5F36-4D2B-ABFA-4F2980C7B8A1}.Debug|Any CPU.Build.0 = Debug|Any CPU
		{686945D8-5F36-4D2B-ABFA-4F2980C7B8A1}.Release|Any CPU.ActiveCfg = Release|Any CPU
		{686945D8-5F36-4D2B-ABFA-4F2980C7B8A1}.Release|Any CPU.Build.0 = Release|Any CPU
		{5BEA1FF2-16B3-4691-AC2B-6B5A0A9FFE35}.Debug|Any CPU.ActiveCfg = Debug|Any CPU
		{5BEA1FF2-16B3-4691-AC2B-6B5A0A9FFE35}.Debug|Any CPU.Build.0 = Debug|Any CPU
		{5BEA1FF2-16B3-4691-AC2B-6B5A0A9FFE35}.Release|Any CPU.ActiveCfg = Release|Any CPU
		{5BEA1FF2-16B3-4691-AC2B-6B5A0A9FFE35}.Release|Any CPU.Build.0 = Release|Any CPU
		{BE974B19-2DBC-4C53-BC00-E2E8A8DC4C6A}.Debug|Any CPU.ActiveCfg = Debug|Any CPU
		{BE974B19-2DBC-4C53-BC00-E2E8A8DC4C6A}.Debug|Any CPU.Build.0 = Debug|Any CPU
		{BE974B19-2DBC-4C53-BC00-E2E8A8DC4C6A}.Release|Any CPU.ActiveCfg = Release|Any CPU
		{BE974B19-2DBC-4C53-BC00-E2E8A8DC4C6A}.Release|Any CPU.Build.0 = Release|Any CPU
		{8BFE5AF3-DBBF-40CD-8328-6F60FE8F9874}.Debug|Any CPU.ActiveCfg = Debug|Any CPU
		{8BFE5AF3-DBBF-40CD-8328-6F60FE8F9874}.Debug|Any CPU.Build.0 = Debug|Any CPU
		{8BFE5AF3-DBBF-40CD-8328-6F60FE8F9874}.Release|Any CPU.ActiveCfg = Release|Any CPU
		{8BFE5AF3-DBBF-40CD-8328-6F60FE8F9874}.Release|Any CPU.Build.0 = Release|Any CPU
	EndGlobalSection
	GlobalSection(SolutionProperties) = preSolution
		HideSolutionNode = FALSE
	EndGlobalSection
	GlobalSection(ExtensibilityGlobals) = postSolution
		SolutionGuid = {0B26463C-AB87-4ED8-BF3F-A43D8AB6ECB9}
	EndGlobalSection
EndGlobal
